
Microsoft Visual Studio Solution File, Format Version 12.00
# Visual Studio Version 17
VisualStudioVersion = 17.8.34330.188
MinimumVisualStudioVersion = 10.0.40219.1
Project("{FAE04EC0-301F-11D3-BF4B-00C04F79EFBC}") = "MISA.QLSX.Api", "MISA.QLSX.Api\MISA.QLSX.Api.csproj", "{FFE582A6-6E2E-4BF8-A84F-5E726A2430E3}"
EndProject
Project("{FAE04EC0-301F-11D3-BF4B-00C04F79EFBC}") = "MISA.QLSX.Core", "MISA.QLSX.Core\MISA.QLSX.Core.csproj", "{D6E1A245-B515-4B10-B2E3-9E51D0069B2F}"
EndProject
Project("{FAE04EC0-301F-11D3-BF4B-00C04F79EFBC}") = "MISA.QLSX.Infrastructure", "MISA.QLSX.Infrastructure\MISA.QLSX.Infrastructure.csproj", "{DE3E0950-988A-475C-9F82-703C56C277BA}"
EndProject
Global
	GlobalSection(SolutionConfigurationPlatforms) = preSolution
		Debug|Any CPU = Debug|Any CPU
		Release|Any CPU = Release|Any CPU
	EndGlobalSection
	GlobalSection(ProjectConfigurationPlatforms) = postSolution
		{FFE582A6-6E2E-4BF8-A84F-5E726A2430E3}.Debug|Any CPU.ActiveCfg = Debug|Any CPU
		{FFE582A6-6E2E-4BF8-A84F-5E726A2430E3}.Debug|Any CPU.Build.0 = Debug|Any CPU
		{FFE582A6-6E2E-4BF8-A84F-5E726A2430E3}.Release|Any CPU.ActiveCfg = Release|Any CPU
		{FFE582A6-6E2E-4BF8-A84F-5E726A2430E3}.Release|Any CPU.Build.0 = Release|Any CPU
		{D6E1A245-B515-4B10-B2E3-9E51D0069B2F}.Debug|Any CPU.ActiveCfg = Debug|Any CPU
		{D6E1A245-B515-4B10-B2E3-9E51D0069B2F}.Debug|Any CPU.Build.0 = Debug|Any CPU
		{D6E1A245-B515-4B10-B2E3-9E51D0069B2F}.Release|Any CPU.ActiveCfg = Release|Any CPU
		{D6E1A245-B515-4B10-B2E3-9E51D0069B2F}.Release|Any CPU.Build.0 = Release|Any CPU
		{DE3E0950-988A-475C-9F82-703C56C277BA}.Debug|Any CPU.ActiveCfg = Debug|Any CPU
		{DE3E0950-988A-475C-9F82-703C56C277BA}.Debug|Any CPU.Build.0 = Debug|Any CPU
		{DE3E0950-988A-475C-9F82-703C56C277BA}.Release|Any CPU.ActiveCfg = Release|Any CPU
		{DE3E0950-988A-475C-9F82-703C56C277BA}.Release|Any CPU.Build.0 = Release|Any CPU
	EndGlobalSection
	GlobalSection(SolutionProperties) = preSolution
		HideSolutionNode = FALSE
	EndGlobalSection
	GlobalSection(ExtensibilityGlobals) = postSolution
		SolutionGuid = {FA724652-AD43-4F1B-87E8-CABC22D7F2BD}
	EndGlobalSection
EndGlobal
